{
  "name": "chart_using_vanilla_js",
  "lockfileVersion": 3,
  "requires": true,
  "packages": {
    "": {
      "dependencies": {
        "evolution-graph": "^1.2.15"
      }
    },
    "node_modules/evolution-graph": {
      "version": "1.2.15",
      "resolved": "https://registry.npmjs.org/evolution-graph/-/evolution-graph-1.2.15.tgz",
      "integrity": "sha512-PPrBg1dG3/l8yPPTKfEoOT2ODemathplGf/6EJ9Yc9+gAAN1Ae2jEYjT2/4wKq7Ycx49WOVS1MlPalqt8BEtsg=="
    }
  }
}
